
Microsoft Visual Studio Solution File, Format Version 12.00
# Visual Studio Version 16
VisualStudioVersion = 16.0.34114.132
MinimumVisualStudioVersion = 10.0.40219.1
Project("{FAE04EC0-301F-11D3-BF4B-00C04F79EFBC}") = "daily-planner", "WindowsFormsApp1\daily-planner.csproj", "{A3595E71-2F64-48A5-809E-7835CED94703}"
EndProject
Global
	GlobalSection(SolutionConfigurationPlatforms) = preSolution
		Debug|Any CPU = Debug|Any CPU
		Release|Any CPU = Release|Any CPU
	EndGlobalSection
	GlobalSection(ProjectConfigurationPlatforms) = postSolution
		{A3595E71-2F64-48A5-809E-7835CED94703}.Debug|Any CPU.ActiveCfg = Debug|Any CPU
		{A3595E71-2F64-48A5-809E-7835CED94703}.Debug|Any CPU.Build.0 = Debug|Any CPU
		{A3595E71-2F64-48A5-809E-7835CED94703}.Release|Any CPU.ActiveCfg = Release|Any CPU
		{A3595E71-2F64-48A5-809E-7835CED94703}.Release|Any CPU.Build.0 = Release|Any CPU
	EndGlobalSection
	GlobalSection(SolutionProperties) = preSolution
		HideSolutionNode = FALSE
	EndGlobalSection
	GlobalSection(ExtensibilityGlobals) = postSolution
		SolutionGuid = {625D45ED-499C-4A25-80A5-CC836BFB22E5}
	EndGlobalSection
EndGlobal
